
Microsoft Visual Studio Solution File, Format Version 12.00
# Visual Studio 14
VisualStudioVersion = 14.0.25420.1
MinimumVisualStudioVersion = 10.0.40219.1
Project("{FAE04EC0-301F-11D3-BF4B-00C04F79EFBC}") = "DemoData", "DemoData\DemoData.csproj", "{2541FDE3-12BC-4F33-8DA4-B9ABA99F59FC}"
EndProject
Project("{FAE04EC0-301F-11D3-BF4B-00C04F79EFBC}") = "Data", "DAL\Data.csproj", "{ACB173F6-6EA3-43A6-99EE-E557ECB43D36}"
EndProject
Project("{FAE04EC0-301F-11D3-BF4B-00C04F79EFBC}") = "Export", "Export\Export.csproj", "{D17CDD75-11F5-41C3-BD7C-660F97303D67}"
EndProject
Global
	GlobalSection(SolutionConfigurationPlatforms) = preSolution
		Debug|Any CPU = Debug|Any CPU
		Release|Any CPU = Release|Any CPU
	EndGlobalSection
	GlobalSection(ProjectConfigurationPlatforms) = postSolution
		{2541FDE3-12BC-4F33-8DA4-B9ABA99F59FC}.Debug|Any CPU.ActiveCfg = Debug|Any CPU
		{2541FDE3-12BC-4F33-8DA4-B9ABA99F59FC}.Debug|Any CPU.Build.0 = Debug|Any CPU
		{2541FDE3-12BC-4F33-8DA4-B9ABA99F59FC}.Release|Any CPU.ActiveCfg = Release|Any CPU
		{2541FDE3-12BC-4F33-8DA4-B9ABA99F59FC}.Release|Any CPU.Build.0 = Release|Any CPU
		{ACB173F6-6EA3-43A6-99EE-E557ECB43D36}.Debug|Any CPU.ActiveCfg = Debug|Any CPU
		{ACB173F6-6EA3-43A6-99EE-E557ECB43D36}.Debug|Any CPU.Build.0 = Debug|Any CPU
		{ACB173F6-6EA3-43A6-99EE-E557ECB43D36}.Release|Any CPU.ActiveCfg = Release|Any CPU
		{ACB173F6-6EA3-43A6-99EE-E557ECB43D36}.Release|Any CPU.Build.0 = Release|Any CPU
		{D17CDD75-11F5-41C3-BD7C-660F97303D67}.Debug|Any CPU.ActiveCfg = Debug|Any CPU
		{D17CDD75-11F5-41C3-BD7C-660F97303D67}.Debug|Any CPU.Build.0 = Debug|Any CPU
		{D17CDD75-11F5-41C3-BD7C-660F97303D67}.Release|Any CPU.ActiveCfg = Release|Any CPU
		{D17CDD75-11F5-41C3-BD7C-660F97303D67}.Release|Any CPU.Build.0 = Release|Any CPU
	EndGlobalSection
	GlobalSection(SolutionProperties) = preSolution
		HideSolutionNode = FALSE
	EndGlobalSection
EndGlobal
